{
  "version": 4,
  "terraform_version": "1.5.4",
  "serial": 57,
  "lineage": "577da933-ad18-83ac-9c7a-d422407bbf02",
  "outputs": {
    "repository_id": {
      "value": "github-terraform-task",
      "type": "string"
    }
  },
  "resources": [
    {
      "mode": "data",
      "type": "github_repository",
      "name": "repo_name_id",
      "provider": "provider[\"registry.terraform.io/integrations/github\"]",
      "instances": [
        {
          "schema_version": 0,
          "attributes": {
            "allow_merge_commit": false,
            "allow_rebase_merge": false,
            "allow_squash_merge": false,
            "archived": false,
            "default_branch": "main",
            "description": "",
            "full_name": "Practical-DevOps-GitHub/github-terraform-task",
            "git_clone_url": "git://github.com/Practical-DevOps-GitHub/github-terraform-task.git",
            "has_downloads": true,
            "has_issues": true,
            "has_projects": null,
            "has_wiki": true,
            "homepage_url": "",
            "html_url": "https://github.com/Practical-DevOps-GitHub/github-terraform-task",
            "http_clone_url": "https://github.com/Practical-DevOps-GitHub/github-terraform-task.git",
            "id": "github-terraform-task",
            "name": "github-terraform-task",
            "node_id": "R_kgDOJ5brQQ",
            "pages": null,
            "private": false,
            "repo_id": 664202049,
            "ssh_clone_url": "git@github.com:Practical-DevOps-GitHub/github-terraform-task.git",
            "svn_url": "https://github.com/Practical-DevOps-GitHub/github-terraform-task",
            "topics": [],
            "visibility": "public"
          },
          "sensitive_attributes": []
        }
      ]
    },
    {
      "mode": "managed",
      "type": "github_actions_secret",
      "name": "PAT",
      "provider": "provider[\"registry.terraform.io/integrations/github\"]",
      "instances": [
        {
          "schema_version": 0,
          "attributes": {
            "created_at": "2023-08-05 08:53:40 +0000 UTC",
            "id": "github-terraform-task-ipostnikov:PAT",
            "plaintext_value": "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",
            "repository": "github-terraform-task-ipostnikov",
            "secret_name": "PAT",
            "updated_at": "2023-08-05 08:53:40 +0000 UTC"
          },
          "sensitive_attributes": [],
          "private": "bnVsbA=="
        }
      ]
    },
    {
      "mode": "managed",
      "type": "github_branch",
      "name": "develop",
      "provider": "provider[\"registry.terraform.io/integrations/github\"]",
      "instances": [
        {
          "schema_version": 0,
          "attributes": {
            "branch": "develop",
            "etag": "W/\"23a3ba5e606f839a363947f7d21a1c0f99449e1272b171e3062954dab643bd33\"",
            "id": "github-terraform-task-ipostnikov:develop",
            "ref": "refs/heads/develop",
            "repository": "github-terraform-task-ipostnikov",
            "sha": "15cf05af4502450ad2530424eda531ed34e2ec64",
            "source_branch": "main",
            "source_sha": "054928cd338566b09517177fcc20291159b09c3e"
          },
          "sensitive_attributes": [],
          "private": "bnVsbA=="
        }
      ]
    },
    {
      "mode": "managed",
      "type": "github_branch_default",
      "name": "defbranch",
      "provider": "provider[\"registry.terraform.io/integrations/github\"]",
      "instances": [
        {
          "schema_version": 0,
          "attributes": {
            "branch": "develop",
            "id": "github-terraform-task-ipostnikov",
            "repository": "github-terraform-task-ipostnikov"
          },
          "sensitive_attributes": [],
          "private": "bnVsbA==",
          "dependencies": [
            "github_branch.develop"
          ]
        }
      ]
    },
    {
      "mode": "managed",
      "type": "github_repository_collaborator",
      "name": "collaborator",
      "provider": "provider[\"registry.terraform.io/integrations/github\"]",
      "instances": [
        {
          "schema_version": 0,
          "attributes": {
            "id": "github-terraform-task-ipostnikov:softservedata",
            "invitation_id": "232452703",
            "permission": "push",
            "repository": "github-terraform-task-ipostnikov",
            "username": "softservedata"
          },
          "sensitive_attributes": [],
          "private": "bnVsbA=="
        }
      ]
    },
    {
      "mode": "managed",
      "type": "github_repository_deploy_key",
      "name": "deploy_key",
      "provider": "provider[\"registry.terraform.io/integrations/github\"]",
      "instances": [
        {
          "schema_version": 0,
          "attributes": {
            "etag": "W/\"58ee1a003a4e5b8040545d5aef1018081a5cb6a2551fa5f9909086c2b27d5bb1\"",
            "id": "github-terraform-task-ipostnikov:85812221",
            "key": "ssh-ed25519 AAAAC3NzaC1lZDI1NTE5AAAAIJr8ocXgTjWHOD5AfQZMfQ8Md+LvKyCeEUgqfkbzNepU",
            "read_only": false,
            "repository": "github-terraform-task-ipostnikov",
            "title": "DEPLOY_KEY"
          },
          "sensitive_attributes": [],
          "private": "bnVsbA=="
        }
      ]
    },
    {
      "mode": "managed",
      "type": "github_repository_file",
      "name": "soft_codeowner",
      "provider": "provider[\"registry.terraform.io/integrations/github\"]",
      "instances": [
        {
          "schema_version": 0,
          "attributes": {
            "branch": "develop",
            "commit_author": "",
            "commit_email": "",
            "commit_message": "Add CODEOWNERS",
            "commit_sha": "15cf05af4502450ad2530424eda531ed34e2ec64",
            "content": "* @softservedata",
            "file": "CODEOWNERS",
            "id": "github-terraform-task-ipostnikov/CODEOWNERS",
            "overwrite_on_create": false,
            "repository": "github-terraform-task-ipostnikov",
            "sha": "dfb37968408dbf81f594ddf3dab51c27a2b8c870"
          },
          "sensitive_attributes": [],
          "private": "bnVsbA=="
        }
      ]
    },
    {
      "mode": "managed",
      "type": "github_repository_webhook",
      "name": "discord_webhook",
      "provider": "provider[\"registry.terraform.io/integrations/github\"]",
      "instances": [
        {
          "schema_version": 1,
          "attributes": {
            "active": true,
            "configuration": [
              {
                "content_type": "form",
                "insecure_ssl": false,
                "secret": "",
                "url": "https://discord.com/api/webhooks/1137122289633198110/MtNHA9ieOGVeg0oHuvlBMtnfJuBi-iNGpqpkxZxO_u4IJ9XSHRFClerRZlOxdS70JU6o/github"
              }
            ],
            "etag": null,
            "events": [
              "pull_request"
            ],
            "id": "427396443",
            "name": null,
            "repository": "github-terraform-task-ipostnikov",
            "url": "https://api.github.com/repos/Practical-DevOps-GitHub/github-terraform-task-ipostnikov/hooks/427396443"
          },
          "sensitive_attributes": [],
          "private": "eyJzY2hlbWFfdmVyc2lvbiI6IjEifQ=="
        }
      ]
    }
  ],
  "check_results": null
}
